
Microsoft Visual Studio Solution File, Format Version 12.00
# Visual Studio Version 17
VisualStudioVersion = 17.0.31903.59
MinimumVisualStudioVersion = 10.0.40219.1
Project("{2150E333-8FDC-42A3-9474-1A3956D46DE8}") = "0 - Ui", "0 - Ui", "{D2E5FABF-ECE7-5461-7950-7CF23ADCD7A6}"
EndProject
Project("{FAE04EC0-301F-11D3-BF4B-00C04F79EFBC}") = "WebApi", "0 - Ui\WebApi\WebApi.csproj", "{D5C0D82A-1465-401F-8B32-FED337D74CDC}"
EndProject
Project("{2150E333-8FDC-42A3-9474-1A3956D46DE8}") = "1 - Business", "1 - Business", "{45D6E671-8E08-90F2-8795-3F9B0F55D374}"
EndProject
Project("{2150E333-8FDC-42A3-9474-1A3956D46DE8}") = "0 - Application", "0 - Application", "{4D103A5C-1CDA-189C-9DB7-D35A9AAB7EE0}"
EndProject
Project("{FAE04EC0-301F-11D3-BF4B-00C04F79EFBC}") = "Application", "1 - Business\0 - Application\Application.csproj", "{06DF7E5B-0083-448F-A2B8-90A8DE236FA6}"
EndProject
Project("{2150E333-8FDC-42A3-9474-1A3956D46DE8}") = "1 - Domain", "1 - Domain", "{BA8F9BB7-D935-E10A-520C-DEC60DAAE4A4}"
EndProject
Project("{FAE04EC0-301F-11D3-BF4B-00C04F79EFBC}") = "Domain", "1 - Business\1 - Domain\Domain.csproj", "{4FCC06EC-DF8C-425D-AA43-931A834F9384}"
EndProject
Project("{2150E333-8FDC-42A3-9474-1A3956D46DE8}") = "2 - Infrastructure", "2 - Infrastructure", "{0022C435-4428-1C22-445C-8EFCB52B45ED}"
EndProject
Project("{2150E333-8FDC-42A3-9474-1A3956D46DE8}") = "0 - Data", "0 - Data", "{3435D5AE-1992-3B0C-2CBA-A7E03D2CC705}"
EndProject
Project("{FAE04EC0-301F-11D3-BF4B-00C04F79EFBC}") = "Data", "2 - Infrastructure\0 - Data\Data.csproj", "{84F93FBE-8A5C-44C6-9170-85946636CA29}"
EndProject
Project("{2150E333-8FDC-42A3-9474-1A3956D46DE8}") = "2 - IOC", "2 - IOC", "{654351F8-0601-600A-8D8A-4360976CC716}"
EndProject
Project("{FAE04EC0-301F-11D3-BF4B-00C04F79EFBC}") = "IOC", "2 - Infrastructure\2 - IOC\IOC.csproj", "{88C4FB3C-0733-487F-9802-B3E5A1AD5464}"
EndProject
Project("{2150E333-8FDC-42A3-9474-1A3956D46DE8}") = "tests", "tests", "{0AB3BF05-4346-4AA6-1389-037BE0695223}"
EndProject
Project("{FAE04EC0-301F-11D3-BF4B-00C04F79EFBC}") = "Application.Tests", "tests\Application.Tests\Application.Tests.csproj", "{49900F66-341E-45C2-8262-5AF81522DEC8}"
EndProject
Global
	GlobalSection(SolutionConfigurationPlatforms) = preSolution
		Debug|Any CPU = Debug|Any CPU
		Debug|x64 = Debug|x64
		Debug|x86 = Debug|x86
		Release|Any CPU = Release|Any CPU
		Release|x64 = Release|x64
		Release|x86 = Release|x86
	EndGlobalSection
	GlobalSection(ProjectConfigurationPlatforms) = postSolution
		{D5C0D82A-1465-401F-8B32-FED337D74CDC}.Debug|Any CPU.ActiveCfg = Debug|Any CPU
		{D5C0D82A-1465-401F-8B32-FED337D74CDC}.Debug|Any CPU.Build.0 = Debug|Any CPU
		{D5C0D82A-1465-401F-8B32-FED337D74CDC}.Debug|x64.ActiveCfg = Debug|Any CPU
		{D5C0D82A-1465-401F-8B32-FED337D74CDC}.Debug|x64.Build.0 = Debug|Any CPU
		{D5C0D82A-1465-401F-8B32-FED337D74CDC}.Debug|x86.ActiveCfg = Debug|Any CPU
		{D5C0D82A-1465-401F-8B32-FED337D74CDC}.Debug|x86.Build.0 = Debug|Any CPU
		{D5C0D82A-1465-401F-8B32-FED337D74CDC}.Release|Any CPU.ActiveCfg = Release|Any CPU
		{D5C0D82A-1465-401F-8B32-FED337D74CDC}.Release|Any CPU.Build.0 = Release|Any CPU
		{D5C0D82A-1465-401F-8B32-FED337D74CDC}.Release|x64.ActiveCfg = Release|Any CPU
		{D5C0D82A-1465-401F-8B32-FED337D74CDC}.Release|x64.Build.0 = Release|Any CPU
		{D5C0D82A-1465-401F-8B32-FED337D74CDC}.Release|x86.ActiveCfg = Release|Any CPU
		{D5C0D82A-1465-401F-8B32-FED337D74CDC}.Release|x86.Build.0 = Release|Any CPU
		{06DF7E5B-0083-448F-A2B8-90A8DE236FA6}.Debug|Any CPU.ActiveCfg = Debug|Any CPU
		{06DF7E5B-0083-448F-A2B8-90A8DE236FA6}.Debug|Any CPU.Build.0 = Debug|Any CPU
		{06DF7E5B-0083-448F-A2B8-90A8DE236FA6}.Debug|x64.ActiveCfg = Debug|Any CPU
		{06DF7E5B-0083-448F-A2B8-90A8DE236FA6}.Debug|x64.Build.0 = Debug|Any CPU
		{06DF7E5B-0083-448F-A2B8-90A8DE236FA6}.Debug|x86.ActiveCfg = Debug|Any CPU
		{06DF7E5B-0083-448F-A2B8-90A8DE236FA6}.Debug|x86.Build.0 = Debug|Any CPU
		{06DF7E5B-0083-448F-A2B8-90A8DE236FA6}.Release|Any CPU.ActiveCfg = Release|Any CPU
		{06DF7E5B-0083-448F-A2B8-90A8DE236FA6}.Release|Any CPU.Build.0 = Release|Any CPU
		{06DF7E5B-0083-448F-A2B8-90A8DE236FA6}.Release|x64.ActiveCfg = Release|Any CPU
		{06DF7E5B-0083-448F-A2B8-90A8DE236FA6}.Release|x64.Build.0 = Release|Any CPU
		{06DF7E5B-0083-448F-A2B8-90A8DE236FA6}.Release|x86.ActiveCfg = Release|Any CPU
		{06DF7E5B-0083-448F-A2B8-90A8DE236FA6}.Release|x86.Build.0 = Release|Any CPU
		{4FCC06EC-DF8C-425D-AA43-931A834F9384}.Debug|Any CPU.ActiveCfg = Debug|Any CPU
		{4FCC06EC-DF8C-425D-AA43-931A834F9384}.Debug|Any CPU.Build.0 = Debug|Any CPU
		{4FCC06EC-DF8C-425D-AA43-931A834F9384}.Debug|x64.ActiveCfg = Debug|Any CPU
		{4FCC06EC-DF8C-425D-AA43-931A834F9384}.Debug|x64.Build.0 = Debug|Any CPU
		{4FCC06EC-DF8C-425D-AA43-931A834F9384}.Debug|x86.ActiveCfg = Debug|Any CPU
		{4FCC06EC-DF8C-425D-AA43-931A834F9384}.Debug|x86.Build.0 = Debug|Any CPU
		{4FCC06EC-DF8C-425D-AA43-931A834F9384}.Release|Any CPU.ActiveCfg = Release|Any CPU
		{4FCC06EC-DF8C-425D-AA43-931A834F9384}.Release|Any CPU.Build.0 = Release|Any CPU
		{4FCC06EC-DF8C-425D-AA43-931A834F9384}.Release|x64.ActiveCfg = Release|Any CPU
		{4FCC06EC-DF8C-425D-AA43-931A834F9384}.Release|x64.Build.0 = Release|Any CPU
		{4FCC06EC-DF8C-425D-AA43-931A834F9384}.Release|x86.ActiveCfg = Release|Any CPU
		{4FCC06EC-DF8C-425D-AA43-931A834F9384}.Release|x86.Build.0 = Release|Any CPU
		{84F93FBE-8A5C-44C6-9170-85946636CA29}.Debug|Any CPU.ActiveCfg = Debug|Any CPU
		{84F93FBE-8A5C-44C6-9170-85946636CA29}.Debug|Any CPU.Build.0 = Debug|Any CPU
		{84F93FBE-8A5C-44C6-9170-85946636CA29}.Debug|x64.ActiveCfg = Debug|Any CPU
		{84F93FBE-8A5C-44C6-9170-85946636CA29}.Debug|x64.Build.0 = Debug|Any CPU
		{84F93FBE-8A5C-44C6-9170-85946636CA29}.Debug|x86.ActiveCfg = Debug|Any CPU
		{84F93FBE-8A5C-44C6-9170-85946636CA29}.Debug|x86.Build.0 = Debug|Any CPU
		{84F93FBE-8A5C-44C6-9170-85946636CA29}.Release|Any CPU.ActiveCfg = Release|Any CPU
		{84F93FBE-8A5C-44C6-9170-85946636CA29}.Release|Any CPU.Build.0 = Release|Any CPU
		{84F93FBE-8A5C-44C6-9170-85946636CA29}.Release|x64.ActiveCfg = Release|Any CPU
		{84F93FBE-8A5C-44C6-9170-85946636CA29}.Release|x64.Build.0 = Release|Any CPU
		{84F93FBE-8A5C-44C6-9170-85946636CA29}.Release|x86.ActiveCfg = Release|Any CPU
		{84F93FBE-8A5C-44C6-9170-85946636CA29}.Release|x86.Build.0 = Release|Any CPU
		{88C4FB3C-0733-487F-9802-B3E5A1AD5464}.Debug|Any CPU.ActiveCfg = Debug|Any CPU
		{88C4FB3C-0733-487F-9802-B3E5A1AD5464}.Debug|Any CPU.Build.0 = Debug|Any CPU
		{88C4FB3C-0733-487F-9802-B3E5A1AD5464}.Debug|x64.ActiveCfg = Debug|Any CPU
		{88C4FB3C-0733-487F-9802-B3E5A1AD5464}.Debug|x64.Build.0 = Debug|Any CPU
		{88C4FB3C-0733-487F-9802-B3E5A1AD5464}.Debug|x86.ActiveCfg = Debug|Any CPU
		{88C4FB3C-0733-487F-9802-B3E5A1AD5464}.Debug|x86.Build.0 = Debug|Any CPU
		{88C4FB3C-0733-487F-9802-B3E5A1AD5464}.Release|Any CPU.ActiveCfg = Release|Any CPU
		{88C4FB3C-0733-487F-9802-B3E5A1AD5464}.Release|Any CPU.Build.0 = Release|Any CPU
		{88C4FB3C-0733-487F-9802-B3E5A1AD5464}.Release|x64.ActiveCfg = Release|Any CPU
		{88C4FB3C-0733-487F-9802-B3E5A1AD5464}.Release|x64.Build.0 = Release|Any CPU
		{88C4FB3C-0733-487F-9802-B3E5A1AD5464}.Release|x86.ActiveCfg = Release|Any CPU
		{88C4FB3C-0733-487F-9802-B3E5A1AD5464}.Release|x86.Build.0 = Release|Any CPU
		{49900F66-341E-45C2-8262-5AF81522DEC8}.Debug|Any CPU.ActiveCfg = Debug|Any CPU
		{49900F66-341E-45C2-8262-5AF81522DEC8}.Debug|Any CPU.Build.0 = Debug|Any CPU
		{49900F66-341E-45C2-8262-5AF81522DEC8}.Debug|x64.ActiveCfg = Debug|Any CPU
		{49900F66-341E-45C2-8262-5AF81522DEC8}.Debug|x64.Build.0 = Debug|Any CPU
		{49900F66-341E-45C2-8262-5AF81522DEC8}.Debug|x86.ActiveCfg = Debug|Any CPU
		{49900F66-341E-45C2-8262-5AF81522DEC8}.Debug|x86.Build.0 = Debug|Any CPU
		{49900F66-341E-45C2-8262-5AF81522DEC8}.Release|Any CPU.ActiveCfg = Release|Any CPU
		{49900F66-341E-45C2-8262-5AF81522DEC8}.Release|Any CPU.Build.0 = Release|Any CPU
		{49900F66-341E-45C2-8262-5AF81522DEC8}.Release|x64.ActiveCfg = Release|Any CPU
		{49900F66-341E-45C2-8262-5AF81522DEC8}.Release|x64.Build.0 = Release|Any CPU
		{49900F66-341E-45C2-8262-5AF81522DEC8}.Release|x86.ActiveCfg = Release|Any CPU
		{49900F66-341E-45C2-8262-5AF81522DEC8}.Release|x86.Build.0 = Release|Any CPU
	EndGlobalSection
	GlobalSection(SolutionProperties) = preSolution
		HideSolutionNode = FALSE
	EndGlobalSection
	GlobalSection(NestedProjects) = preSolution
		{D5C0D82A-1465-401F-8B32-FED337D74CDC} = {D2E5FABF-ECE7-5461-7950-7CF23ADCD7A6}
		{4D103A5C-1CDA-189C-9DB7-D35A9AAB7EE0} = {45D6E671-8E08-90F2-8795-3F9B0F55D374}
		{06DF7E5B-0083-448F-A2B8-90A8DE236FA6} = {4D103A5C-1CDA-189C-9DB7-D35A9AAB7EE0}
		{BA8F9BB7-D935-E10A-520C-DEC60DAAE4A4} = {45D6E671-8E08-90F2-8795-3F9B0F55D374}
		{4FCC06EC-DF8C-425D-AA43-931A834F9384} = {BA8F9BB7-D935-E10A-520C-DEC60DAAE4A4}
		{3435D5AE-1992-3B0C-2CBA-A7E03D2CC705} = {0022C435-4428-1C22-445C-8EFCB52B45ED}
		{84F93FBE-8A5C-44C6-9170-85946636CA29} = {3435D5AE-1992-3B0C-2CBA-A7E03D2CC705}
		{654351F8-0601-600A-8D8A-4360976CC716} = {0022C435-4428-1C22-445C-8EFCB52B45ED}
		{88C4FB3C-0733-487F-9802-B3E5A1AD5464} = {654351F8-0601-600A-8D8A-4360976CC716}
		{49900F66-341E-45C2-8262-5AF81522DEC8} = {0AB3BF05-4346-4AA6-1389-037BE0695223}
	EndGlobalSection
EndGlobal
